{
  "version": 4,
  "terraform_version": "1.14.3",
  "serial": 3,
  "lineage": "929a3c98-282b-6e36-c255-56d7fc0a97db",
  "outputs": {},
  "resources": [
    {
      "mode": "managed",
      "type": "kubernetes_namespace_v1",
      "name": "app",
      "provider": "provider[\"registry.terraform.io/hashicorp/kubernetes\"]",
      "instances": [
        {
          "schema_version": 0,
          "attributes": {
            "id": "app",
            "metadata": [
              {
                "annotations": null,
                "generate_name": "",
                "generation": 0,
                "labels": null,
                "name": "app",
                "resource_version": "553",
                "uid": "dc043e51-727a-49fc-9ca3-0d89577ff63d"
              }
            ],
            "timeouts": null,
            "wait_for_default_service_account": false
          },
          "sensitive_attributes": [],
          "identity_schema_version": 1,
          "identity": {
            "api_version": "v1",
            "kind": "Namespace",
            "name": "app"
          },
          "private": "eyJlMmJmYjczMC1lY2FhLTExZTYtOGY4OC0zNDM2M2JjN2M0YzAiOnsiZGVsZXRlIjozMDAwMDAwMDAwMDB9fQ==",
          "dependencies": [
            "minikube_cluster.my_cluster"
          ]
        }
      ]
    },
    {
      "mode": "managed",
      "type": "minikube_cluster",
      "name": "my_cluster",
      "provider": "provider[\"registry.terraform.io/scott-the-programmer/minikube\"]",
      "instances": [
        {
          "schema_version": 0,
          "attributes": {
            "addons": null,
            "apiserver_ips": null,
            "apiserver_name": "minikubeCA",
            "apiserver_names": [],
            "apiserver_port": 8443,
            "auto_pause_interval": 1,
            "auto_update_drivers": true,
            "base_image": "gcr.io/k8s-minikube/kicbase:v0.0.48@sha256:7171c97a51623558720f8e5878e4f4637da093e2f2ed589997bedc6c1549b2b1",
            "binary_mirror": null,
            "cache_images": true,
            "cert_expiration": 1576800,
            "client_certificate": "-----BEGIN CERTIFICATE-----\nMIIDITCCAgmgAwIBAgIBAjANBgkqhkiG9w0BAQsFADAVMRMwEQYDVQQDEwptaW5p\na3ViZUNBMB4XDTI2MDExMzIwNTQxOVoXDTI5MDExMzIwNTQxOVowMTEXMBUGA1UE\nChMOc3lzdGVtOm1hc3RlcnMxFjAUBgNVBAMTDW1pbmlrdWJlLXVzZXIwggEiMA0G\nCSqGSIb3DQEBAQUAA4IBDwAwggEKAoIBAQDVf2NTxPddPGAL+Gt7nxZe16rlquui\nwEAo/3Xa8IaKt6YIyXd/eQZEeZmxHVC/qyhVjigBIRpkWWbiBD5UUA8l4OWLtMYx\nc6nffD65J5NIhk81diZmoEI+mWrDnpKZi+V4yD+9g1RlxKd/OQT9rRTVL3Hh9E1x\nw0JNjvFRRpTxqYCJYfgzDVkwTaUrE8eu218ICpWIdIm6vZb35qs8wOEjHFUHbxYN\nyMMN8OuL+fGVGmjSXN6Q7hDSqNhyuNcK/tIQdGvJooSWkwYitAXX1LJmY8gntSAZ\n6svNgD1/FmU4chLEkvOvk1tGrj3XJTPWNtjmmBl4oKqCA4T+HPnM10Q9AgMBAAGj\nYDBeMA4GA1UdDwEB/wQEAwIFoDAdBgNVHSUEFjAUBggrBgEFBQcDAQYIKwYBBQUH\nAwIwDAYDVR0TAQH/BAIwADAfBgNVHSMEGDAWgBQSYzMRllwjLFuPPmApq8BBjpd5\nJDANBgkqhkiG9w0BAQsFAAOCAQEAa8P6b9HVVBhGiL/xUAOY2h6FiZNdKoKwNOMO\neDLhfS6XukaQVkYMVfLsc4RzyGre7KujMHykqbAOZ+T2r2oXqdG56bxjXQN4S5Mm\nFaLPAfyI7ElKQWAv+EGIhMkZo0g67b9tz5YoE7jxCKgq5otR4m+Ztao2c5VzkBQ0\ns/OPllFeJTlPRK5C8RUh1mWCBVm8GsaVC8N8RuILdH3mQ5KPvYfjaGpDWLzv+B+W\n0wvJNuNFp3SFE+ccb5mamj/cgpT7O3fZLelgTRxfqfLjy8XiY//qUVXeBffKXjdB\nPKDzUQWkfXtKw8aZmtG1geNJdc8RpTWw0CtqU68WelgYMI58dw==\n-----END CERTIFICATE-----\n",
            "client_key": "-----BEGIN RSA PRIVATE KEY-----\nMIIEpAIBAAKCAQEA1X9jU8T3XTxgC/hre58WXteq5arrosBAKP912vCGiremCMl3\nf3kGRHmZsR1Qv6soVY4oASEaZFlm4gQ+VFAPJeDli7TGMXOp33w+uSeTSIZPNXYm\nZqBCPplqw56SmYvleMg/vYNUZcSnfzkE/a0U1S9x4fRNccNCTY7xUUaU8amAiWH4\nMw1ZME2lKxPHrttfCAqViHSJur2W9+arPMDhIxxVB28WDcjDDfDri/nxlRpo0lze\nkO4Q0qjYcrjXCv7SEHRryaKElpMGIrQF19SyZmPIJ7UgGerLzYA9fxZlOHISxJLz\nr5NbRq491yUz1jbY5pgZeKCqggOE/hz5zNdEPQIDAQABAoIBAEJoUlv/GzY8DmAK\n0FvuewXbLYQsqwi/pfVaqK0GPcMuJo37JJlY6rMn479sr+4+bdhW1GithEkMae0J\nht2w3VVZ4+yVuUQuhvtF6Tisb6qSZFbrvjwTwyc3jzbzvwPVuPXdy73F+N2C0trG\nwJ+rU5yQGms/E0u8gYYgXT17p96W2js/nquFLER5D+8udJgybYa7nHnXwjPdcHOI\nRLbUc3HADN7S0slpMdSfrAToKEFt/2UHq2Vaajg7TpEw7OfYXGHBaiM3TjYnHMKa\nfXtBlVpX/1qtE1hWUCHBEaqMeYPtvrzISQ5YEl5HjcomP7UHUjUbf6ok+vDWWwi8\nweCcP70CgYEA51cUFT2y9jQGsh3qjfhNjj6SXD9wto4DgLBZkpOcuw+YDLOSjgwN\na71vwKJumE/0b5eVX76lgerAjfH6mzGlusrPkTo29FbknQmQEeJPAbzZQBGRGLDk\nTxuTu+dBS3H+PsNykDnNNBbEJ5PjWXAqjTJg9ALN3RsyW9Sc9Pu7/zMCgYEA7EFp\n57Ds1MSG5BQzieB16Ht+YyLcKlVuxW4IfZpLlzxzTvwrx1w22TTu0XcS2aiH+vmQ\nPwzh8znEnZUBhQqZH2IagDVPI4a06rP0mD/UHwzcJsbUeN5vzqlxy1PQret7xOcb\nA/8yiM+EqmdS9ZI6RL3Go8nHoxHunIvSPhckbs8CgYA6r1NP5Bvu6tm7+2zR4OhD\nqknUjt9X4ASxc4r1bO64YUdQCYmm8RXCfAbKVio6ByZZ3Jku9ZzkrRl1qKnLDrgc\n/2/SRnNEXnqV/6QFdWRXa4GtCAfHvK/eBX/fjdV5fwxg/ZGlVpRgn1nZNGHbAWI5\n+Uqw+7kfWtPWicPbPbS+EwKBgQCaQSOKuUQIr8B7Do2QClQx1N/yjoI9ycYnde5p\nQ+Ly/e8ztQZIhnbxXtRHQ321S4ptXaDG6fxlOGSdlvqFCSRtDzrKVwQy5/McAx9C\ngPpYw6bCUrPLr0BFKPE5lqH7zHLlXxeOhoNSPFwcfpX17OHKnDYkHs0QNdcbs1c0\nXxvUlQKBgQCFYnAxH0JU33VMBPkpkQ7SeQZdzy3mImZcIRGqa26KGRCt0T+PVVlk\nDv42brO8LRPYw/LzAaXHQuoKluREBoPCe5DVpNqI2eWUw0W67B44LLzEHc8+3bFA\nhvLPH7QZXpMfpAAEONBcZLr1lY2kRg1Hbvy+Ogn3HmgYwG8+pveQTQ==\n-----END RSA PRIVATE KEY-----\n",
            "cluster_ca_certificate": "-----BEGIN CERTIFICATE-----\nMIIDBjCCAe6gAwIBAgIBATANBgkqhkiG9w0BAQsFADAVMRMwEQYDVQQDEwptaW5p\na3ViZUNBMB4XDTI2MDEwNDIwNDUyMVoXDTM2MDEwMzIwNDUyMVowFTETMBEGA1UE\nAxMKbWluaWt1YmVDQTCCASIwDQYJKoZIhvcNAQEBBQADggEPADCCAQoCggEBAOE8\nC8EZt1LdT/UHm6VfEJvCUFjqWsKAJyWevOoqNVFzCGAmfb4MuFmtWi6TC1d6sWJK\npHPHedMnK8gAa0AdzPSwiGwpFDzxXbGjeRhxTpS6M5wFyu5OFLSqHQIjlXPYggjP\n0B+/eYWiNYoEu8s4ZkXHWowvfSUTiobhTgxjfadsXA2dCRdcrBVvfyAxu173ZkZy\nda/FRgAwbCV2CA/8PA7tIrk8fCLpxmOmsp4SWt5jT9q4pg3E315JRfeO4FEKV3Qr\nKmnultI6oeOrWQZdV1R3/JIlI2/OYn3DG/5zFBz/6rIe4beR2iEIzg46EaGsy4lB\n65Ywqb/Z7vcboUH5dAMCAwEAAaNhMF8wDgYDVR0PAQH/BAQDAgKkMB0GA1UdJQQW\nMBQGCCsGAQUFBwMCBggrBgEFBQcDATAPBgNVHRMBAf8EBTADAQH/MB0GA1UdDgQW\nBBQSYzMRllwjLFuPPmApq8BBjpd5JDANBgkqhkiG9w0BAQsFAAOCAQEAEXDZ9d7R\ncDOpQ8bJ295eTyPIC/DFYSCymZl4OC+olVvO69UyCpQ+mJ/PDADnLRyc4EvnXXkj\nL11DccI4e+6EaLK0UpH3r/GmUo0vJMMcBntLlrccbvyKOOX0f8F8QezvsOYGHnUL\no4dEQzEnbH0RQNzmSTS7cUKuefnbPhNCLh8PhkSHO9LSPjKEeTL3mFe8rjg7GSEQ\neT/O8+Ror1vsyJ0burbrilpgRWUVW2pAaScW30zT+ir52akiqbeVWF/UNJirJaDI\nhUABLjqx9sB9P16JzNiVNqp1enZ+woK2PD5N7oL9oTdvi4UEMVMHEXL/kXyjI/Wl\na1Ll3U5uI+vjqQ==\n-----END CERTIFICATE-----\n",
            "cluster_name": "spotify",
            "cni": "",
            "container_runtime": "docker",
            "cpus": "2",
            "cri_socket": "",
            "delete_on_failure": false,
            "disable_coredns_log": false,
            "disable_driver_mounts": false,
            "disable_metrics": false,
            "disable_optimizations": false,
            "disk_size": "20000mb",
            "dns_domain": "cluster.local",
            "dns_proxy": false,
            "docker_env": null,
            "docker_opt": null,
            "download_only": false,
            "driver": "docker",
            "dry_run": false,
            "embed_certs": false,
            "extra_config": null,
            "extra_disks": 0,
            "feature_gates": "",
            "force": false,
            "force_systemd": false,
            "gpus": null,
            "ha": false,
            "host": "https://192.168.49.2:8443",
            "host_dns_resolver": true,
            "host_only_cidr": "192.168.59.1/24",
            "host_only_nic_type": "virtio",
            "hyperkit_vpnkit_sock": "",
            "hyperkit_vsock_ports": [],
            "hyperv_external_adapter": "",
            "hyperv_use_external_switch": false,
            "hyperv_virtual_switch": "",
            "id": "spotify",
            "image_mirror_country": null,
            "image_repository": "",
            "insecure_registry": [],
            "install_addons": true,
            "interactive": true,
            "iso_url": [
              "https://github.com/kubernetes/minikube/releases/download/v1.37.0/minikube-v1.37.0-amd64.iso"
            ],
            "keep_context": false,
            "kubernetes_version": null,
            "kvm_gpu": false,
            "kvm_hidden": false,
            "kvm_network": "default",
            "kvm_numa_count": 1,
            "kvm_qemu_uri": "qemu:///system",
            "listen_address": "",
            "memory": "4096mb",
            "mount": false,
            "mount_9p_version": "9p2000.L",
            "mount_gid": "docker",
            "mount_ip": null,
            "mount_msize": 262144,
            "mount_options": null,
            "mount_port": 0,
            "mount_string": "/home:/minikube-host",
            "mount_type": "9p",
            "mount_uid": "docker",
            "namespace": "default",
            "nat_nic_type": "virtio",
            "native_ssh": true,
            "network": "",
            "nfs_share": [],
            "nfs_shares_root": "/nfsshares",
            "no_kubernetes": false,
            "no_vtx_check": false,
            "nodes": 3,
            "output": "text",
            "ports": [],
            "preload": true,
            "qemu_firmware_path": null,
            "registry_mirror": [],
            "service_cluster_ip_range": "10.96.0.0/12",
            "socket_vmnet_client_path": "/usr/local/opt/socket_vmnet/bin/socket_vmnet_client",
            "socket_vmnet_path": "/usr/local/var/run/socket_vmnet",
            "ssh_ip_address": "",
            "ssh_key": "",
            "ssh_port": 22,
            "ssh_user": "root",
            "static_ip": null,
            "subnet": null,
            "trace": null,
            "uuid": "",
            "vm": false,
            "wait": null,
            "wait_timeout": 6
          },
          "sensitive_attributes": [
            [
              {
                "type": "get_attr",
                "value": "client_certificate"
              }
            ],
            [
              {
                "type": "get_attr",
                "value": "client_key"
              }
            ],
            [
              {
                "type": "get_attr",
                "value": "cluster_ca_certificate"
              }
            ]
          ],
          "identity_schema_version": 0,
          "private": "bnVsbA=="
        }
      ]
    }
  ],
  "check_results": null
}
